// !$*UTF8*$!
{
	archiveVersion = 1;
	classes = {
	};
	objectVersion = 46;
	objects = {

/* Begin PBXBuildFile section */
		7A11654F17B3F5A600B22D65 /* usb.png in Resources */ = {isa = PBXBuildFile; fileRef = 7A11654D17B3F5A600B22D65 /* usb.png */; };
		7A11655017B3F5A600B22D65 /* wifi.png in Resources */ = {isa = PBXBuildFile; fileRef = 7A11654E17B3F5A600B22D65 /* wifi.png */; };
		7A11655D17B40F0600B22D65 /* icon_256x256.icns in Resources */ = {isa = PBXBuildFile; fileRef = 7A11655C17B40F0600B22D65 /* icon_256x256.icns */; };
		7A11907417551AA100EE8DD1 /* Cancel Red Button.icns in Resources */ = {isa = PBXBuildFile; fileRef = 7A11906E17551AA100EE8DD1 /* Cancel Red Button.icns */; };
		7A11907617551AA100EE8DD1 /* Play.icns in Resources */ = {isa = PBXBuildFile; fileRef = 7A11907017551AA100EE8DD1 /* Play.icns */; };
		7A11907717551AA100EE8DD1 /* Plugin Green Button.icns in Resources */ = {isa = PBXBuildFile; fileRef = 7A11907117551AA100EE8DD1 /* Plugin Green Button.icns */; };
		7A11907817551AA100EE8DD1 /* Terminal.icns in Resources */ = {isa = PBXBuildFile; fileRef = 7A11907217551AA100EE8DD1 /* Terminal.icns */; };
		7A11907917551AA100EE8DD1 /* Universal Binary.icns in Resources */ = {isa = PBXBuildFile; fileRef = 7A11907317551AA100EE8DD1 /* Universal Binary.icns */; };
		7A11907B175527EA00EE8DD1 /* Write Document.icns in Resources */ = {isa = PBXBuildFile; fileRef = 7A11907A175527EA00EE8DD1 /* Write Document.icns */; };
		7A11907F1755304000EE8DD1 /* iSXAppsViewController.m in Sources */ = {isa = PBXBuildFile; fileRef = 7A11907D1755304000EE8DD1 /* iSXAppsViewController.m */; };
		7A1190801755304000EE8DD1 /* iSXAppsViewController.xib in Resources */ = {isa = PBXBuildFile; fileRef = 7A11907E1755304000EE8DD1 /* iSXAppsViewController.xib */; };
		7A11908E1755467900EE8DD1 /* iSXApp.m in Sources */ = {isa = PBXBuildFile; fileRef = 7A11908D1755467800EE8DD1 /* iSXApp.m */; };
		7A1190911755563500EE8DD1 /* iSXAppController.m in Sources */ = {isa = PBXBuildFile; fileRef = 7A1190901755563400EE8DD1 /* iSXAppController.m */; };
		7A19863E17D77D7400EB0B8E /* iSXEvaluation.m in Sources */ = {isa = PBXBuildFile; fileRef = 7A19863D17D77D7400EB0B8E /* iSXEvaluation.m */; };
		7A2717E217FAEC4E00CD62D7 /* iSXResultsTransformer.m in Sources */ = {isa = PBXBuildFile; fileRef = 7A2717E117FAEC4E00CD62D7 /* iSXResultsTransformer.m */; };
		7A2ABB8317D617AE00228940 /* iSXMetricsTransformer.m in Sources */ = {isa = PBXBuildFile; fileRef = 7A2ABB8217D617AE00228940 /* iSXMetricsTransformer.m */; };
		7A2ABB8A17D64B0700228940 /* iSXAppView.m in Sources */ = {isa = PBXBuildFile; fileRef = 7A2ABB8917D64B0700228940 /* iSXAppView.m */; };
		7A2ABB8D17D64E7100228940 /* iSXAppCollectionViewItem.m in Sources */ = {isa = PBXBuildFile; fileRef = 7A2ABB8C17D64E7100228940 /* iSXAppCollectionViewItem.m */; };
		7A2ABB9317D69B5800228940 /* iSXTextFieldCell.m in Sources */ = {isa = PBXBuildFile; fileRef = 7A2ABB9217D69B5800228940 /* iSXTextFieldCell.m */; };
		7A317C4C17FEEF1900E5E66E /* noIcon.png in Resources */ = {isa = PBXBuildFile; fileRef = 7A317C4B17FEEF1900E5E66E /* noIcon.png */; };
		7A38B2D917D4AB8C00DC2CC3 /* iSXModule.m in Sources */ = {isa = PBXBuildFile; fileRef = 7A38B2D817D4AB8C00DC2CC3 /* iSXModule.m */; };
		7A4B4F681800ABD900D93C47 /* NMSSH.framework in Frameworks */ = {isa = PBXBuildFile; fileRef = 7A4B4F671800ABD900D93C47 /* NMSSH.framework */; };
		7A4B4F691800ABDD00D93C47 /* NMSSH.framework in CopyFiles */ = {isa = PBXBuildFile; fileRef = 7A4B4F671800ABD900D93C47 /* NMSSH.framework */; };
		7A4EB58F180EEDB1008BF787 /* ScanX.framework in Frameworks */ = {isa = PBXBuildFile; fileRef = 7A4EB58E180EEDB1008BF787 /* ScanX.framework */; };
		7A4EB590180EEDB6008BF787 /* ScanX.framework in CopyFiles */ = {isa = PBXBuildFile; fileRef = 7A4EB58E180EEDB1008BF787 /* ScanX.framework */; };
		7A4EB591180EEDEF008BF787 /* Cocoa.framework in Frameworks */ = {isa = PBXBuildFile; fileRef = 7A9EE55A16E772E8004770AA /* Cocoa.framework */; };
		7A589D0017C92B0D0046ECB3 /* iSXSelectWindow.xib in Resources */ = {isa = PBXBuildFile; fileRef = 7A589CFF17C92B0D0046ECB3 /* iSXSelectWindow.xib */; };
		7A589D0417C92BC00046ECB3 /* iSXSelectWindowController.m in Sources */ = {isa = PBXBuildFile; fileRef = 7A589D0317C92BC00046ECB3 /* iSXSelectWindowController.m */; };
		7A5941E017FDEC4C00FD7532 /* usbmux.py in Resources */ = {isa = PBXBuildFile; fileRef = 7A5941DF17FDEC4C00FD7532 /* usbmux.py */; };
		7A599F2317CE5C390036794A /* trash.png in Resources */ = {isa = PBXBuildFile; fileRef = 7A599F2217CE5C390036794A /* trash.png */; };
		7A6CE16217B8E21900B67C48 /* iSXProgressSheet.xib in Resources */ = {isa = PBXBuildFile; fileRef = 7A6CE16117B8E21900B67C48 /* iSXProgressSheet.xib */; };
		7A6CE16517B8E53F00B67C48 /* iSXProgressSheetController.m in Sources */ = {isa = PBXBuildFile; fileRef = 7A6CE16417B8E53F00B67C48 /* iSXProgressSheetController.m */; };
		7A6CE16617B940D600B67C48 /* dumpdecrypted.dylib in Resources */ = {isa = PBXBuildFile; fileRef = 7ACD384A17B0FF9C00E8C1B4 /* dumpdecrypted.dylib */; };
		7A76030117AC30D1001637F4 /* NSFileManager+DirectoryLocations.m in Sources */ = {isa = PBXBuildFile; fileRef = 7A76030017AC30D1001637F4 /* NSFileManager+DirectoryLocations.m */; };
		7A77D14C17B82F88008AC9F5 /* tcprelay.py in Resources */ = {isa = PBXBuildFile; fileRef = 7A77D14A17B82F88008AC9F5 /* tcprelay.py */; };
		7A8437C417DE578800ACC24F /* file.png in Resources */ = {isa = PBXBuildFile; fileRef = 7A8437C317DE578800ACC24F /* file.png */; };
		7A95E2FC181827EB00142C60 /* module.icns in Resources */ = {isa = PBXBuildFile; fileRef = 7A95E2FB181827EB00142C60 /* module.icns */; };
		7A9CE75917FAFDC500E823F3 /* iSXResult.m in Sources */ = {isa = PBXBuildFile; fileRef = 7A9CE75817FAFDC500E823F3 /* iSXResult.m */; };
		7A9EE56516E772E8004770AA /* InfoPlist.strings in Resources */ = {isa = PBXBuildFile; fileRef = 7A9EE56316E772E8004770AA /* InfoPlist.strings */; };
		7A9EE56716E772E8004770AA /* main.m in Sources */ = {isa = PBXBuildFile; fileRef = 7A9EE56616E772E8004770AA /* main.m */; };
		7A9EE56B16E772E9004770AA /* Credits.rtf in Resources */ = {isa = PBXBuildFile; fileRef = 7A9EE56916E772E9004770AA /* Credits.rtf */; };
		7A9EE56E16E772E9004770AA /* iSXAppDelegate.m in Sources */ = {isa = PBXBuildFile; fileRef = 7A9EE56D16E772E9004770AA /* iSXAppDelegate.m */; };
		7A9EE57116E772E9004770AA /* MainMenu.xib in Resources */ = {isa = PBXBuildFile; fileRef = 7A9EE56F16E772E9004770AA /* MainMenu.xib */; };
		7AB1EBAF17B3BBB000F9BAEE /* iPhone.png in Resources */ = {isa = PBXBuildFile; fileRef = 7AB1EBAE17B3BBB000F9BAEE /* iPhone.png */; };
		7AB1EBB317B3BF5300F9BAEE /* iSXImportViewController.m in Sources */ = {isa = PBXBuildFile; fileRef = 7AB1EBB117B3BF5300F9BAEE /* iSXImportViewController.m */; };
		7AB1EBB417B3BF5300F9BAEE /* iSXImportViewController.xib in Resources */ = {isa = PBXBuildFile; fileRef = 7AB1EBB217B3BF5300F9BAEE /* iSXImportViewController.xib */; };
		7AB5235117B036A000726DAB /* iSXRoundedImageView.m in Sources */ = {isa = PBXBuildFile; fileRef = 7AB5235017B036A000726DAB /* iSXRoundedImageView.m */; };
		7AC6F5A517731ED000E3108A /* iSXModulesViewController.m in Sources */ = {isa = PBXBuildFile; fileRef = 7AC6F5A317731ED000E3108A /* iSXModulesViewController.m */; };
		7AC6F5A617731ED000E3108A /* iSXModulesViewController.xib in Resources */ = {isa = PBXBuildFile; fileRef = 7AC6F5A417731ED000E3108A /* iSXModulesViewController.xib */; };
		7AC6F5AB1773201C00E3108A /* iSXEvaluationsViewController.m in Sources */ = {isa = PBXBuildFile; fileRef = 7AC6F5A91773201C00E3108A /* iSXEvaluationsViewController.m */; };
		7AC6F5AC1773201C00E3108A /* iSXEvaluationsViewController.xib in Resources */ = {isa = PBXBuildFile; fileRef = 7AC6F5AA1773201C00E3108A /* iSXEvaluationsViewController.xib */; };
		7AC6F5B1177320EF00E3108A /* iSXResultsViewController.m in Sources */ = {isa = PBXBuildFile; fileRef = 7AC6F5AF177320EF00E3108A /* iSXResultsViewController.m */; };
		7AC6F5B2177320EF00E3108A /* iSXResultsViewController.xib in Resources */ = {isa = PBXBuildFile; fileRef = 7AC6F5B0177320EF00E3108A /* iSXResultsViewController.xib */; };
		7ACD175817B6DAA400E7BB35 /* NSString+IPValidation.m in Sources */ = {isa = PBXBuildFile; fileRef = 7ACD175717B6DAA400E7BB35 /* NSString+IPValidation.m */; };
		7AE6CB2A17D2430B00EC9421 /* add.png in Resources */ = {isa = PBXBuildFile; fileRef = 7AE6CB2917D2430B00EC9421 /* add.png */; };
/* End PBXBuildFile section */

/* Begin PBXCopyFilesBuildPhase section */
		7AC6F5B417732C4B00E3108A /* CopyFiles */ = {
			isa = PBXCopyFilesBuildPhase;
			buildActionMask = 2147483647;
			dstPath = "";
			dstSubfolderSpec = 10;
			files = (
				7A4B4F691800ABDD00D93C47 /* NMSSH.framework in CopyFiles */,
				7A4EB590180EEDB6008BF787 /* ScanX.framework in CopyFiles */,
			);
			runOnlyForDeploymentPostprocessing = 0;
		};
/* End PBXCopyFilesBuildPhase section */

/* Begin PBXFileReference section */
		7A11654D17B3F5A600B22D65 /* usb.png */ = {isa = PBXFileReference; lastKnownFileType = image.png; path = usb.png; sourceTree = "<group>"; };
		7A11654E17B3F5A600B22D65 /* wifi.png */ = {isa = PBXFileReference; lastKnownFileType = image.png; path = wifi.png; sourceTree = "<group>"; };
		7A11655C17B40F0600B22D65 /* icon_256x256.icns */ = {isa = PBXFileReference; lastKnownFileType = image.icns; path = icon_256x256.icns; sourceTree = "<group>"; };
		7A11906E17551AA100EE8DD1 /* Cancel Red Button.icns */ = {isa = PBXFileReference; lastKnownFileType = image.icns; path = "Cancel Red Button.icns"; sourceTree = "<group>"; };
		7A11907017551AA100EE8DD1 /* Play.icns */ = {isa = PBXFileReference; lastKnownFileType = image.icns; path = Play.icns; sourceTree = "<group>"; };
		7A11907117551AA100EE8DD1 /* Plugin Green Button.icns */ = {isa = PBXFileReference; lastKnownFileType = image.icns; path = "Plugin Green Button.icns"; sourceTree = "<group>"; };
		7A11907217551AA100EE8DD1 /* Terminal.icns */ = {isa = PBXFileReference; lastKnownFileType = image.icns; path = Terminal.icns; sourceTree = "<group>"; };
		7A11907317551AA100EE8DD1 /* Universal Binary.icns */ = {isa = PBXFileReference; lastKnownFileType = image.icns; path = "Universal Binary.icns"; sourceTree = "<group>"; };
		7A11907A175527EA00EE8DD1 /* Write Document.icns */ = {isa = PBXFileReference; lastKnownFileType = image.icns; path = "Write Document.icns"; sourceTree = "<group>"; };
		7A11907C1755304000EE8DD1 /* iSXAppsViewController.h */ = {isa = PBXFileReference; fileEncoding = 4; lastKnownFileType = sourcecode.c.h; name = iSXAppsViewController.h; path = iOScanX/iSXAppsViewController.h; sourceTree = "<group>"; };
		7A11907D1755304000EE8DD1 /* iSXAppsViewController.m */ = {isa = PBXFileReference; fileEncoding = 4; lastKnownFileType = sourcecode.c.objc; name = iSXAppsViewController.m; path = iOScanX/iSXAppsViewController.m; sourceTree = "<group>"; };
		7A11907E1755304000EE8DD1 /* iSXAppsViewController.xib */ = {isa = PBXFileReference; fileEncoding = 4; lastKnownFileType = file.xib; name = iSXAppsViewController.xib; path = iOScanX/iSXAppsViewController.xib; sourceTree = "<group>"; };
		7A11908C1755467800EE8DD1 /* iSXApp.h */ = {isa = PBXFileReference; fileEncoding = 4; lastKnownFileType = sourcecode.c.h; name = iSXApp.h; path = iOScanX/iSXApp.h; sourceTree = "<group>"; };
		7A11908D1755467800EE8DD1 /* iSXApp.m */ = {isa = PBXFileReference; fileEncoding = 4; lastKnownFileType = sourcecode.c.objc; name = iSXApp.m; path = iOScanX/iSXApp.m; sourceTree = "<group>"; };
		7A11908F1755563400EE8DD1 /* iSXAppController.h */ = {isa = PBXFileReference; fileEncoding = 4; lastKnownFileType = sourcecode.c.h; path = iSXAppController.h; sourceTree = "<group>"; };
		7A1190901755563400EE8DD1 /* iSXAppController.m */ = {isa = PBXFileReference; fileEncoding = 4; lastKnownFileType = sourcecode.c.objc; path = iSXAppController.m; sourceTree = "<group>"; };
		7A19863C17D77D7300EB0B8E /* iSXEvaluation.h */ = {isa = PBXFileReference; fileEncoding = 4; lastKnownFileType = sourcecode.c.h; path = iSXEvaluation.h; sourceTree = "<group>"; };
		7A19863D17D77D7400EB0B8E /* iSXEvaluation.m */ = {isa = PBXFileReference; fileEncoding = 4; lastKnownFileType = sourcecode.c.objc; path = iSXEvaluation.m; sourceTree = "<group>"; };
		7A2717E017FAEC4E00CD62D7 /* iSXResultsTransformer.h */ = {isa = PBXFileReference; fileEncoding = 4; lastKnownFileType = sourcecode.c.h; path = iSXResultsTransformer.h; sourceTree = "<group>"; };
		7A2717E117FAEC4E00CD62D7 /* iSXResultsTransformer.m */ = {isa = PBXFileReference; fileEncoding = 4; lastKnownFileType = sourcecode.c.objc; path = iSXResultsTransformer.m; sourceTree = "<group>"; };
		7A2ABB8117D617AE00228940 /* iSXMetricsTransformer.h */ = {isa = PBXFileReference; fileEncoding = 4; lastKnownFileType = sourcecode.c.h; name = iSXMetricsTransformer.h; path = iOScanX/iSXMetricsTransformer.h; sourceTree = "<group>"; };
		7A2ABB8217D617AE00228940 /* iSXMetricsTransformer.m */ = {isa = PBXFileReference; fileEncoding = 4; lastKnownFileType = sourcecode.c.objc; name = iSXMetricsTransformer.m; path = iOScanX/iSXMetricsTransformer.m; sourceTree = "<group>"; };
		7A2ABB8817D64B0700228940 /* iSXAppView.h */ = {isa = PBXFileReference; fileEncoding = 4; lastKnownFileType = sourcecode.c.h; name = iSXAppView.h; path = iOScanX/iSXAppView.h; sourceTree = "<group>"; };
		7A2ABB8917D64B0700228940 /* iSXAppView.m */ = {isa = PBXFileReference; fileEncoding = 4; lastKnownFileType = sourcecode.c.objc; name = iSXAppView.m; path = iOScanX/iSXAppView.m; sourceTree = "<group>"; };
		7A2ABB8B17D64E7100228940 /* iSXAppCollectionViewItem.h */ = {isa = PBXFileReference; fileEncoding = 4; lastKnownFileType = sourcecode.c.h; name = iSXAppCollectionViewItem.h; path = iOScanX/iSXAppCollectionViewItem.h; sourceTree = "<group>"; };
		7A2ABB8C17D64E7100228940 /* iSXAppCollectionViewItem.m */ = {isa = PBXFileReference; fileEncoding = 4; lastKnownFileType = sourcecode.c.objc; name = iSXAppCollectionViewItem.m; path = iOScanX/iSXAppCollectionViewItem.m; sourceTree = "<group>"; };
		7A2ABB9117D69B5700228940 /* iSXTextFieldCell.h */ = {isa = PBXFileReference; fileEncoding = 4; lastKnownFileType = sourcecode.c.h; name = iSXTextFieldCell.h; path = iOScanX/iSXTextFieldCell.h; sourceTree = "<group>"; };
		7A2ABB9217D69B5800228940 /* iSXTextFieldCell.m */ = {isa = PBXFileReference; fileEncoding = 4; lastKnownFileType = sourcecode.c.objc; name = iSXTextFieldCell.m; path = iOScanX/iSXTextFieldCell.m; sourceTree = "<group>"; };
		7A317C4B17FEEF1900E5E66E /* noIcon.png */ = {isa = PBXFileReference; lastKnownFileType = image.png; path = noIcon.png; sourceTree = "<group>"; };
		7A38B2D717D4AB8C00DC2CC3 /* iSXModule.h */ = {isa = PBXFileReference; fileEncoding = 4; lastKnownFileType = sourcecode.c.h; name = iSXModule.h; path = iOScanX/iSXModule.h; sourceTree = "<group>"; };
		7A38B2D817D4AB8C00DC2CC3 /* iSXModule.m */ = {isa = PBXFileReference; fileEncoding = 4; lastKnownFileType = sourcecode.c.objc; name = iSXModule.m; path = iOScanX/iSXModule.m; sourceTree = "<group>"; };
		7A4B4F671800ABD900D93C47 /* NMSSH.framework */ = {isa = PBXFileReference; lastKnownFileType = wrapper.framework; path = NMSSH.framework; sourceTree = "<group>"; };
		7A4EB58E180EEDB1008BF787 /* ScanX.framework */ = {isa = PBXFileReference; lastKnownFileType = wrapper.framework; name = ScanX.framework; path = ../ScanX/DerivedData/ScanX/Build/Products/Debug/ScanX.framework; sourceTree = "<group>"; };
		7A589CFF17C92B0D0046ECB3 /* iSXSelectWindow.xib */ = {isa = PBXFileReference; fileEncoding = 4; lastKnownFileType = file.xib; path = iSXSelectWindow.xib; sourceTree = "<group>"; };
		7A589D0217C92BC00046ECB3 /* iSXSelectWindowController.h */ = {isa = PBXFileReference; fileEncoding = 4; lastKnownFileType = sourcecode.c.h; path = iSXSelectWindowController.h; sourceTree = "<group>"; };
		7A589D0317C92BC00046ECB3 /* iSXSelectWindowController.m */ = {isa = PBXFileReference; fileEncoding = 4; lastKnownFileType = sourcecode.c.objc; path = iSXSelectWindowController.m; sourceTree = "<group>"; };
		7A5941DF17FDEC4C00FD7532 /* usbmux.py */ = {isa = PBXFileReference; fileEncoding = 4; lastKnownFileType = text.script.python; path = usbmux.py; sourceTree = "<group>"; };
		7A599F2217CE5C390036794A /* trash.png */ = {isa = PBXFileReference; lastKnownFileType = image.png; path = trash.png; sourceTree = "<group>"; };
		7A6CE16117B8E21900B67C48 /* iSXProgressSheet.xib */ = {isa = PBXFileReference; fileEncoding = 4; lastKnownFileType = file.xib; path = iSXProgressSheet.xib; sourceTree = "<group>"; };
		7A6CE16317B8E53F00B67C48 /* iSXProgressSheetController.h */ = {isa = PBXFileReference; fileEncoding = 4; lastKnownFileType = sourcecode.c.h; path = iSXProgressSheetController.h; sourceTree = "<group>"; };
		7A6CE16417B8E53F00B67C48 /* iSXProgressSheetController.m */ = {isa = PBXFileReference; fileEncoding = 4; lastKnownFileType = sourcecode.c.objc; path = iSXProgressSheetController.m; sourceTree = "<group>"; };
		7A7602FF17AC30D1001637F4 /* NSFileManager+DirectoryLocations.h */ = {isa = PBXFileReference; fileEncoding = 4; lastKnownFileType = sourcecode.c.h; path = "NSFileManager+DirectoryLocations.h"; sourceTree = "<group>"; };
		7A76030017AC30D1001637F4 /* NSFileManager+DirectoryLocations.m */ = {isa = PBXFileReference; fileEncoding = 4; lastKnownFileType = sourcecode.c.objc; path = "NSFileManager+DirectoryLocations.m"; sourceTree = "<group>"; };
		7A77D14A17B82F88008AC9F5 /* tcprelay.py */ = {isa = PBXFileReference; fileEncoding = 4; lastKnownFileType = text.script.python; name = tcprelay.py; path = ../Resources/tcprelay.py; sourceTree = "<group>"; };
		7A8437C317DE578800ACC24F /* file.png */ = {isa = PBXFileReference; lastKnownFileType = image.png; path = file.png; sourceTree = "<group>"; };
		7A95E2FB181827EB00142C60 /* module.icns */ = {isa = PBXFileReference; lastKnownFileType = image.icns; path = module.icns; sourceTree = "<group>"; };
		7A9CE75717FAFDC500E823F3 /* iSXResult.h */ = {isa = PBXFileReference; fileEncoding = 4; lastKnownFileType = sourcecode.c.h; path = iSXResult.h; sourceTree = "<group>"; };
		7A9CE75817FAFDC500E823F3 /* iSXResult.m */ = {isa = PBXFileReference; fileEncoding = 4; lastKnownFileType = sourcecode.c.objc; path = iSXResult.m; sourceTree = "<group>"; };
		7A9EE55616E772E8004770AA /* iOScanX.app */ = {isa = PBXFileReference; explicitFileType = wrapper.application; includeInIndex = 0; path = iOScanX.app; sourceTree = BUILT_PRODUCTS_DIR; };
		7A9EE55A16E772E8004770AA /* Cocoa.framework */ = {isa = PBXFileReference; lastKnownFileType = wrapper.framework; name = Cocoa.framework; path = System/Library/Frameworks/Cocoa.framework; sourceTree = SDKROOT; };
		7A9EE55D16E772E8004770AA /* AppKit.framework */ = {isa = PBXFileReference; lastKnownFileType = wrapper.framework; name = AppKit.framework; path = System/Library/Frameworks/AppKit.framework; sourceTree = SDKROOT; };
		7A9EE55E16E772E8004770AA /* CoreData.framework */ = {isa = PBXFileReference; lastKnownFileType = wrapper.framework; name = CoreData.framework; path = System/Library/Frameworks/CoreData.framework; sourceTree = SDKROOT; };
		7A9EE55F16E772E8004770AA /* Foundation.framework */ = {isa = PBXFileReference; lastKnownFileType = wrapper.framework; name = Foundation.framework; path = System/Library/Frameworks/Foundation.framework; sourceTree = SDKROOT; };
		7A9EE56216E772E8004770AA /* iOScanX-Info.plist */ = {isa = PBXFileReference; lastKnownFileType = text.plist.xml; path = "iOScanX-Info.plist"; sourceTree = "<group>"; };
		7A9EE56416E772E8004770AA /* en */ = {isa = PBXFileReference; lastKnownFileType = text.plist.strings; name = en; path = en.lproj/InfoPlist.strings; sourceTree = "<group>"; };
		7A9EE56616E772E8004770AA /* main.m */ = {isa = PBXFileReference; lastKnownFileType = sourcecode.c.objc; path = main.m; sourceTree = "<group>"; };
		7A9EE56816E772E8004770AA /* iOScanX-Prefix.pch */ = {isa = PBXFileReference; lastKnownFileType = sourcecode.c.h; path = "iOScanX-Prefix.pch"; sourceTree = "<group>"; };
		7A9EE56A16E772E9004770AA /* en */ = {isa = PBXFileReference; lastKnownFileType = text.rtf; name = en; path = en.lproj/Credits.rtf; sourceTree = "<group>"; };
		7A9EE56C16E772E9004770AA /* iSXAppDelegate.h */ = {isa = PBXFileReference; lastKnownFileType = sourcecode.c.h; path = iSXAppDelegate.h; sourceTree = "<group>"; };
		7A9EE56D16E772E9004770AA /* iSXAppDelegate.m */ = {isa = PBXFileReference; lastKnownFileType = sourcecode.c.objc; path = iSXAppDelegate.m; sourceTree = "<group>"; };
		7A9EE57016E772E9004770AA /* en */ = {isa = PBXFileReference; lastKnownFileType = file.xib; name = en; path = en.lproj/MainMenu.xib; sourceTree = "<group>"; };
		7AB1EBAE17B3BBB000F9BAEE /* iPhone.png */ = {isa = PBXFileReference; lastKnownFileType = image.png; path = iPhone.png; sourceTree = "<group>"; };
		7AB1EBB017B3BF5300F9BAEE /* iSXImportViewController.h */ = {isa = PBXFileReference; fileEncoding = 4; lastKnownFileType = sourcecode.c.h; path = iSXImportViewController.h; sourceTree = "<group>"; };
		7AB1EBB117B3BF5300F9BAEE /* iSXImportViewController.m */ = {isa = PBXFileReference; fileEncoding = 4; lastKnownFileType = sourcecode.c.objc; path = iSXImportViewController.m; sourceTree = "<group>"; };
		7AB1EBB217B3BF5300F9BAEE /* iSXImportViewController.xib */ = {isa = PBXFileReference; fileEncoding = 4; lastKnownFileType = file.xib; path = iSXImportViewController.xib; sourceTree = "<group>"; };
		7AB5234F17B036A000726DAB /* iSXRoundedImageView.h */ = {isa = PBXFileReference; fileEncoding = 4; lastKnownFileType = sourcecode.c.h; name = iSXRoundedImageView.h; path = iOScanX/iSXRoundedImageView.h; sourceTree = "<group>"; };
		7AB5235017B036A000726DAB /* iSXRoundedImageView.m */ = {isa = PBXFileReference; fileEncoding = 4; lastKnownFileType = sourcecode.c.objc; name = iSXRoundedImageView.m; path = iOScanX/iSXRoundedImageView.m; sourceTree = "<group>"; };
		7AC6F5A217731ED000E3108A /* iSXModulesViewController.h */ = {isa = PBXFileReference; fileEncoding = 4; lastKnownFileType = sourcecode.c.h; name = iSXModulesViewController.h; path = iOScanX/iSXModulesViewController.h; sourceTree = "<group>"; };
		7AC6F5A317731ED000E3108A /* iSXModulesViewController.m */ = {isa = PBXFileReference; fileEncoding = 4; lastKnownFileType = sourcecode.c.objc; name = iSXModulesViewController.m; path = iOScanX/iSXModulesViewController.m; sourceTree = "<group>"; };
		7AC6F5A417731ED000E3108A /* iSXModulesViewController.xib */ = {isa = PBXFileReference; fileEncoding = 4; lastKnownFileType = file.xib; name = iSXModulesViewController.xib; path = iOScanX/iSXModulesViewController.xib; sourceTree = "<group>"; };
		7AC6F5A81773201C00E3108A /* iSXEvaluationsViewController.h */ = {isa = PBXFileReference; fileEncoding = 4; lastKnownFileType = sourcecode.c.h; path = iSXEvaluationsViewController.h; sourceTree = "<group>"; };
		7AC6F5A91773201C00E3108A /* iSXEvaluationsViewController.m */ = {isa = PBXFileReference; fileEncoding = 4; lastKnownFileType = sourcecode.c.objc; path = iSXEvaluationsViewController.m; sourceTree = "<group>"; };
		7AC6F5AA1773201C00E3108A /* iSXEvaluationsViewController.xib */ = {isa = PBXFileReference; fileEncoding = 4; lastKnownFileType = file.xib; path = iSXEvaluationsViewController.xib; sourceTree = "<group>"; };
		7AC6F5AE177320EF00E3108A /* iSXResultsViewController.h */ = {isa = PBXFileReference; fileEncoding = 4; lastKnownFileType = sourcecode.c.h; path = iSXResultsViewController.h; sourceTree = "<group>"; };
		7AC6F5AF177320EF00E3108A /* iSXResultsViewController.m */ = {isa = PBXFileReference; fileEncoding = 4; lastKnownFileType = sourcecode.c.objc; path = iSXResultsViewController.m; sourceTree = "<group>"; };
		7AC6F5B0177320EF00E3108A /* iSXResultsViewController.xib */ = {isa = PBXFileReference; fileEncoding = 4; lastKnownFileType = file.xib; path = iSXResultsViewController.xib; sourceTree = "<group>"; };
		7ACD175617B6DAA400E7BB35 /* NSString+IPValidation.h */ = {isa = PBXFileReference; fileEncoding = 4; lastKnownFileType = sourcecode.c.h; path = "NSString+IPValidation.h"; sourceTree = "<group>"; };
		7ACD175717B6DAA400E7BB35 /* NSString+IPValidation.m */ = {isa = PBXFileReference; fileEncoding = 4; lastKnownFileType = sourcecode.c.objc; path = "NSString+IPValidation.m"; sourceTree = "<group>"; };
		7ACD384A17B0FF9C00E8C1B4 /* dumpdecrypted.dylib */ = {isa = PBXFileReference; lastKnownFileType = "compiled.mach-o.dylib"; name = dumpdecrypted.dylib; path = ../Resources/dumpdecrypted.dylib; sourceTree = "<group>"; };
		7AE6CB2917D2430B00EC9421 /* add.png */ = {isa = PBXFileReference; lastKnownFileType = image.png; path = add.png; sourceTree = "<group>"; };
/* End PBXFileReference section */

/* Begin PBXFrameworksBuildPhase section */
		7A9EE55316E772E8004770AA /* Frameworks */ = {
			isa = PBXFrameworksBuildPhase;
			buildActionMask = 2147483647;
			files = (
				7A4EB58F180EEDB1008BF787 /* ScanX.framework in Frameworks */,
				7A4B4F681800ABD900D93C47 /* NMSSH.framework in Frameworks */,
				7A4EB591180EEDEF008BF787 /* Cocoa.framework in Frameworks */,
			);
			runOnlyForDeploymentPostprocessing = 0;
		};
/* End PBXFrameworksBuildPhase section */

/* Begin PBXGroup section */
		7A0A4F0217C63FD200CAC148 /* Categories */ = {
			isa = PBXGroup;
			children = (
				7A38B2DB17D4AC5600DC2CC3 /* NSFileManager+DirectoryLocations */,
				7ACD175917B6DAC000E7BB35 /* NSString+IPValidation */,
			);
			name = Categories;
			sourceTree = "<group>";
		};
		7A1190611754F37200EE8DD1 /* Images */ = {
			isa = PBXGroup;
			children = (
				7A95E2FB181827EB00142C60 /* module.icns */,
				7A317C4B17FEEF1900E5E66E /* noIcon.png */,
				7A8437C317DE578800ACC24F /* file.png */,
				7AE6CB2917D2430B00EC9421 /* add.png */,
				7A599F2217CE5C390036794A /* trash.png */,
				7A11655C17B40F0600B22D65 /* icon_256x256.icns */,
				7A11654D17B3F5A600B22D65 /* usb.png */,
				7A11654E17B3F5A600B22D65 /* wifi.png */,
				7AB1EBAE17B3BBB000F9BAEE /* iPhone.png */,
				7A11907A175527EA00EE8DD1 /* Write Document.icns */,
				7A11906E17551AA100EE8DD1 /* Cancel Red Button.icns */,
				7A11907017551AA100EE8DD1 /* Play.icns */,
				7A11907117551AA100EE8DD1 /* Plugin Green Button.icns */,
				7A11907217551AA100EE8DD1 /* Terminal.icns */,
				7A11907317551AA100EE8DD1 /* Universal Binary.icns */,
			);
			name = Images;
			path = ../Images;
			sourceTree = "<group>";
		};
		7A1190811755305500EE8DD1 /* Apps */ = {
			isa = PBXGroup;
			children = (
				7A11908C1755467800EE8DD1 /* iSXApp.h */,
				7A11908D1755467800EE8DD1 /* iSXApp.m */,
				7A11907C1755304000EE8DD1 /* iSXAppsViewController.h */,
				7A11907D1755304000EE8DD1 /* iSXAppsViewController.m */,
				7A11907E1755304000EE8DD1 /* iSXAppsViewController.xib */,
				7AB5234F17B036A000726DAB /* iSXRoundedImageView.h */,
				7AB5235017B036A000726DAB /* iSXRoundedImageView.m */,
				7A2ABB8817D64B0700228940 /* iSXAppView.h */,
				7A2ABB8917D64B0700228940 /* iSXAppView.m */,
				7A2ABB8B17D64E7100228940 /* iSXAppCollectionViewItem.h */,
				7A2ABB8C17D64E7100228940 /* iSXAppCollectionViewItem.m */,
			);
			name = Apps;
			path = ..;
			sourceTree = "<group>";
		};
		7A38B2DB17D4AC5600DC2CC3 /* NSFileManager+DirectoryLocations */ = {
			isa = PBXGroup;
			children = (
				7A7602FF17AC30D1001637F4 /* NSFileManager+DirectoryLocations.h */,
				7A76030017AC30D1001637F4 /* NSFileManager+DirectoryLocations.m */,
			);
			name = "NSFileManager+DirectoryLocations";
			sourceTree = "<group>";
		};
		7A6CE16017B8DA3100B67C48 /* Progress */ = {
			isa = PBXGroup;
			children = (
				7A6CE16117B8E21900B67C48 /* iSXProgressSheet.xib */,
				7A6CE16317B8E53F00B67C48 /* iSXProgressSheetController.h */,
				7A6CE16417B8E53F00B67C48 /* iSXProgressSheetController.m */,
			);
			name = Progress;
			sourceTree = "<group>";
		};
		7A77D14817B82F69008AC9F5 /* Resources */ = {
			isa = PBXGroup;
			children = (
				7A5941DF17FDEC4C00FD7532 /* usbmux.py */,
				7A77D14A17B82F88008AC9F5 /* tcprelay.py */,
				7ACD384A17B0FF9C00E8C1B4 /* dumpdecrypted.dylib */,
			);
			name = Resources;
			path = ../Resources;
			sourceTree = "<group>";
		};
		7A9EE54B16E772E8004770AA = {
			isa = PBXGroup;
			children = (
				7A9EE56016E772E8004770AA /* iOScanX */,
				7A9EE55916E772E8004770AA /* Frameworks */,
				7A9EE55716E772E8004770AA /* Products */,
			);
			sourceTree = "<group>";
		};
		7A9EE55716E772E8004770AA /* Products */ = {
			isa = PBXGroup;
			children = (
				7A9EE55616E772E8004770AA /* iOScanX.app */,
			);
			name = Products;
			sourceTree = "<group>";
		};
		7A9EE55916E772E8004770AA /* Frameworks */ = {
			isa = PBXGroup;
			children = (
				7A4EB58E180EEDB1008BF787 /* ScanX.framework */,
				7A4B4F671800ABD900D93C47 /* NMSSH.framework */,
				7A9EE55A16E772E8004770AA /* Cocoa.framework */,
				7A9EE55C16E772E8004770AA /* Other Frameworks */,
			);
			name = Frameworks;
			sourceTree = "<group>";
		};
		7A9EE55C16E772E8004770AA /* Other Frameworks */ = {
			isa = PBXGroup;
			children = (
				7A9EE55D16E772E8004770AA /* AppKit.framework */,
				7A9EE55E16E772E8004770AA /* CoreData.framework */,
				7A9EE55F16E772E8004770AA /* Foundation.framework */,
			);
			name = "Other Frameworks";
			sourceTree = "<group>";
		};
		7A9EE56016E772E8004770AA /* iOScanX */ = {
			isa = PBXGroup;
			children = (
				7A9EE56C16E772E9004770AA /* iSXAppDelegate.h */,
				7A9EE56D16E772E9004770AA /* iSXAppDelegate.m */,
				7A11908F1755563400EE8DD1 /* iSXAppController.h */,
				7A1190901755563400EE8DD1 /* iSXAppController.m */,
				7A9EE56F16E772E9004770AA /* MainMenu.xib */,
				7AB1EBB517B3BF5800F9BAEE /* Import */,
				7A1190811755305500EE8DD1 /* Apps */,
				7AC6F5A117731DF400E3108A /* Modules */,
				7AC6F5A717731FE400E3108A /* Evaluations */,
				7AC6F5AD177320B200E3108A /* Results */,
				7A6CE16017B8DA3100B67C48 /* Progress */,
				7A1190611754F37200EE8DD1 /* Images */,
				7A0A4F0217C63FD200CAC148 /* Categories */,
				7A77D14817B82F69008AC9F5 /* Resources */,
				7A9EE56116E772E8004770AA /* Supporting Files */,
			);
			path = iOScanX;
			sourceTree = "<group>";
		};
		7A9EE56116E772E8004770AA /* Supporting Files */ = {
			isa = PBXGroup;
			children = (
				7A9EE56216E772E8004770AA /* iOScanX-Info.plist */,
				7A9EE56316E772E8004770AA /* InfoPlist.strings */,
				7A9EE56616E772E8004770AA /* main.m */,
				7A9EE56816E772E8004770AA /* iOScanX-Prefix.pch */,
				7A9EE56916E772E9004770AA /* Credits.rtf */,
			);
			name = "Supporting Files";
			sourceTree = "<group>";
		};
		7AB1EBB517B3BF5800F9BAEE /* Import */ = {
			isa = PBXGroup;
			children = (
				7AB1EBB017B3BF5300F9BAEE /* iSXImportViewController.h */,
				7AB1EBB117B3BF5300F9BAEE /* iSXImportViewController.m */,
				7AB1EBB217B3BF5300F9BAEE /* iSXImportViewController.xib */,
				7A589D0217C92BC00046ECB3 /* iSXSelectWindowController.h */,
				7A589D0317C92BC00046ECB3 /* iSXSelectWindowController.m */,
				7A589CFF17C92B0D0046ECB3 /* iSXSelectWindow.xib */,
			);
			name = Import;
			sourceTree = "<group>";
		};
		7AC6F5A117731DF400E3108A /* Modules */ = {
			isa = PBXGroup;
			children = (
				7A38B2D717D4AB8C00DC2CC3 /* iSXModule.h */,
				7A38B2D817D4AB8C00DC2CC3 /* iSXModule.m */,
				7AC6F5A217731ED000E3108A /* iSXModulesViewController.h */,
				7AC6F5A317731ED000E3108A /* iSXModulesViewController.m */,
				7AC6F5A417731ED000E3108A /* iSXModulesViewController.xib */,
				7A2ABB8117D617AE00228940 /* iSXMetricsTransformer.h */,
				7A2ABB8217D617AE00228940 /* iSXMetricsTransformer.m */,
				7A2ABB9117D69B5700228940 /* iSXTextFieldCell.h */,
				7A2ABB9217D69B5800228940 /* iSXTextFieldCell.m */,
			);
			name = Modules;
			path = ..;
			sourceTree = "<group>";
		};
		7AC6F5A717731FE400E3108A /* Evaluations */ = {
			isa = PBXGroup;
			children = (
				7A19863C17D77D7300EB0B8E /* iSXEvaluation.h */,
				7A19863D17D77D7400EB0B8E /* iSXEvaluation.m */,
				7AC6F5A81773201C00E3108A /* iSXEvaluationsViewController.h */,
				7AC6F5A91773201C00E3108A /* iSXEvaluationsViewController.m */,
				7AC6F5AA1773201C00E3108A /* iSXEvaluationsViewController.xib */,
			);
			name = Evaluations;
			sourceTree = "<group>";
		};
		7AC6F5AD177320B200E3108A /* Results */ = {
			isa = PBXGroup;
			children = (
				7AC6F5AE177320EF00E3108A /* iSXResultsViewController.h */,
				7AC6F5AF177320EF00E3108A /* iSXResultsViewController.m */,
				7AC6F5B0177320EF00E3108A /* iSXResultsViewController.xib */,
				7A2717E017FAEC4E00CD62D7 /* iSXResultsTransformer.h */,
				7A2717E117FAEC4E00CD62D7 /* iSXResultsTransformer.m */,
				7A9CE75717FAFDC500E823F3 /* iSXResult.h */,
				7A9CE75817FAFDC500E823F3 /* iSXResult.m */,
			);
			name = Results;
			sourceTree = "<group>";
		};
		7ACD175917B6DAC000E7BB35 /* NSString+IPValidation */ = {
			isa = PBXGroup;
			children = (
				7ACD175617B6DAA400E7BB35 /* NSString+IPValidation.h */,
				7ACD175717B6DAA400E7BB35 /* NSString+IPValidation.m */,
			);
			name = "NSString+IPValidation";
			sourceTree = "<group>";
		};
/* End PBXGroup section */

/* Begin PBXNativeTarget section */
		7A9EE55516E772E8004770AA /* iOScanX */ = {
			isa = PBXNativeTarget;
			buildConfigurationList = 7A9EE57416E772E9004770AA /* Build configuration list for PBXNativeTarget "iOScanX" */;
			buildPhases = (
				7A9EE55216E772E8004770AA /* Sources */,
				7AC6F5B417732C4B00E3108A /* CopyFiles */,
				7A9EE55316E772E8004770AA /* Frameworks */,
				7A9EE55416E772E8004770AA /* Resources */,
			);
			buildRules = (
			);
			dependencies = (
			);
			name = iOScanX;
			productName = iOScanX;
			productReference = 7A9EE55616E772E8004770AA /* iOScanX.app */;
			productType = "com.apple.product-type.application";
		};
/* End PBXNativeTarget section */

/* Begin PBXProject section */
		7A9EE54D16E772E8004770AA /* Project object */ = {
			isa = PBXProject;
			attributes = {
				CLASSPREFIX = iSX;
				LastUpgradeCheck = 0500;
				ORGANIZATIONNAME = "Alessio Maffeis";
			};
			buildConfigurationList = 7A9EE55016E772E8004770AA /* Build configuration list for PBXProject "iOScanX" */;
			compatibilityVersion = "Xcode 3.2";
			developmentRegion = English;
			hasScannedForEncodings = 0;
			knownRegions = (
				en,
			);
			mainGroup = 7A9EE54B16E772E8004770AA;
			productRefGroup = 7A9EE55716E772E8004770AA /* Products */;
			projectDirPath = "";
			projectRoot = "";
			targets = (
				7A9EE55516E772E8004770AA /* iOScanX */,
			);
		};
/* End PBXProject section */

/* Begin PBXResourcesBuildPhase section */
		7A9EE55416E772E8004770AA /* Resources */ = {
			isa = PBXResourcesBuildPhase;
			buildActionMask = 2147483647;
			files = (
				7A95E2FC181827EB00142C60 /* module.icns in Resources */,
				7A9EE56516E772E8004770AA /* InfoPlist.strings in Resources */,
				7A9EE56B16E772E9004770AA /* Credits.rtf in Resources */,
				7A9EE57116E772E9004770AA /* MainMenu.xib in Resources */,
				7A11907417551AA100EE8DD1 /* Cancel Red Button.icns in Resources */,
				7A11907617551AA100EE8DD1 /* Play.icns in Resources */,
				7A11907717551AA100EE8DD1 /* Plugin Green Button.icns in Resources */,
				7A11907817551AA100EE8DD1 /* Terminal.icns in Resources */,
				7A11907917551AA100EE8DD1 /* Universal Binary.icns in Resources */,
				7A11907B175527EA00EE8DD1 /* Write Document.icns in Resources */,
				7A1190801755304000EE8DD1 /* iSXAppsViewController.xib in Resources */,
				7AC6F5A617731ED000E3108A /* iSXModulesViewController.xib in Resources */,
				7AC6F5AC1773201C00E3108A /* iSXEvaluationsViewController.xib in Resources */,
				7AC6F5B2177320EF00E3108A /* iSXResultsViewController.xib in Resources */,
				7AB1EBAF17B3BBB000F9BAEE /* iPhone.png in Resources */,
				7AB1EBB417B3BF5300F9BAEE /* iSXImportViewController.xib in Resources */,
				7A11654F17B3F5A600B22D65 /* usb.png in Resources */,
				7A11655017B3F5A600B22D65 /* wifi.png in Resources */,
				7A11655D17B40F0600B22D65 /* icon_256x256.icns in Resources */,
				7A77D14C17B82F88008AC9F5 /* tcprelay.py in Resources */,
				7A6CE16617B940D600B67C48 /* dumpdecrypted.dylib in Resources */,
				7A6CE16217B8E21900B67C48 /* iSXProgressSheet.xib in Resources */,
				7A589D0017C92B0D0046ECB3 /* iSXSelectWindow.xib in Resources */,
				7A599F2317CE5C390036794A /* trash.png in Resources */,
				7AE6CB2A17D2430B00EC9421 /* add.png in Resources */,
				7A8437C417DE578800ACC24F /* file.png in Resources */,
				7A5941E017FDEC4C00FD7532 /* usbmux.py in Resources */,
				7A317C4C17FEEF1900E5E66E /* noIcon.png in Resources */,
			);
			runOnlyForDeploymentPostprocessing = 0;
		};
/* End PBXResourcesBuildPhase section */

/* Begin PBXSourcesBuildPhase section */
		7A9EE55216E772E8004770AA /* Sources */ = {
			isa = PBXSourcesBuildPhase;
			buildActionMask = 2147483647;
			files = (
				7A9EE56716E772E8004770AA /* main.m in Sources */,
				7A9EE56E16E772E9004770AA /* iSXAppDelegate.m in Sources */,
				7A11907F1755304000EE8DD1 /* iSXAppsViewController.m in Sources */,
				7A11908E1755467900EE8DD1 /* iSXApp.m in Sources */,
				7A1190911755563500EE8DD1 /* iSXAppController.m in Sources */,
				7AC6F5A517731ED000E3108A /* iSXModulesViewController.m in Sources */,
				7AC6F5AB1773201C00E3108A /* iSXEvaluationsViewController.m in Sources */,
				7AC6F5B1177320EF00E3108A /* iSXResultsViewController.m in Sources */,
				7A76030117AC30D1001637F4 /* NSFileManager+DirectoryLocations.m in Sources */,
				7AB5235117B036A000726DAB /* iSXRoundedImageView.m in Sources */,
				7AB1EBB317B3BF5300F9BAEE /* iSXImportViewController.m in Sources */,
				7ACD175817B6DAA400E7BB35 /* NSString+IPValidation.m in Sources */,
				7A6CE16517B8E53F00B67C48 /* iSXProgressSheetController.m in Sources */,
				7A589D0417C92BC00046ECB3 /* iSXSelectWindowController.m in Sources */,
				7A38B2D917D4AB8C00DC2CC3 /* iSXModule.m in Sources */,
				7A2ABB8317D617AE00228940 /* iSXMetricsTransformer.m in Sources */,
				7A2ABB8A17D64B0700228940 /* iSXAppView.m in Sources */,
				7A2ABB8D17D64E7100228940 /* iSXAppCollectionViewItem.m in Sources */,
				7A2ABB9317D69B5800228940 /* iSXTextFieldCell.m in Sources */,
				7A19863E17D77D7400EB0B8E /* iSXEvaluation.m in Sources */,
				7A2717E217FAEC4E00CD62D7 /* iSXResultsTransformer.m in Sources */,
				7A9CE75917FAFDC500E823F3 /* iSXResult.m in Sources */,
			);
			runOnlyForDeploymentPostprocessing = 0;
		};
/* End PBXSourcesBuildPhase section */

/* Begin PBXVariantGroup section */
		7A9EE56316E772E8004770AA /* InfoPlist.strings */ = {
			isa = PBXVariantGroup;
			children = (
				7A9EE56416E772E8004770AA /* en */,
			);
			name = InfoPlist.strings;
			sourceTree = "<group>";
		};
		7A9EE56916E772E9004770AA /* Credits.rtf */ = {
			isa = PBXVariantGroup;
			children = (
				7A9EE56A16E772E9004770AA /* en */,
			);
			name = Credits.rtf;
			sourceTree = "<group>";
		};
		7A9EE56F16E772E9004770AA /* MainMenu.xib */ = {
			isa = PBXVariantGroup;
			children = (
				7A9EE57016E772E9004770AA /* en */,
			);
			name = MainMenu.xib;
			sourceTree = "<group>";
		};
/* End PBXVariantGroup section */

/* Begin XCBuildConfiguration section */
		7A9EE57216E772E9004770AA /* Debug */ = {
			isa = XCBuildConfiguration;
			buildSettings = {
				ALWAYS_SEARCH_USER_PATHS = NO;
				CLANG_CXX_LANGUAGE_STANDARD = "gnu++0x";
				CLANG_CXX_LIBRARY = "libc++";
				CLANG_WARN_EMPTY_BODY = YES;
				CLANG_WARN__DUPLICATE_METHOD_MATCH = YES;
				COPY_PHASE_STRIP = NO;
				GCC_C_LANGUAGE_STANDARD = gnu99;
				GCC_DYNAMIC_NO_PIC = NO;
				GCC_ENABLE_OBJC_EXCEPTIONS = YES;
				GCC_OPTIMIZATION_LEVEL = 0;
				GCC_PREPROCESSOR_DEFINITIONS = (
					"DEBUG=1",
					"$(inherited)",
				);
				GCC_SYMBOLS_PRIVATE_EXTERN = NO;
				GCC_WARN_64_TO_32_BIT_CONVERSION = YES;
				GCC_WARN_ABOUT_RETURN_TYPE = YES;
				GCC_WARN_UNINITIALIZED_AUTOS = YES;
				GCC_WARN_UNUSED_VARIABLE = YES;
				MACOSX_DEPLOYMENT_TARGET = 10.8;
				ONLY_ACTIVE_ARCH = YES;
				SDKROOT = macosx;
			};
			name = Debug;
		};
		7A9EE57316E772E9004770AA /* Release */ = {
			isa = XCBuildConfiguration;
			buildSettings = {
				ALWAYS_SEARCH_USER_PATHS = NO;
				CLANG_CXX_LANGUAGE_STANDARD = "gnu++0x";
				CLANG_CXX_LIBRARY = "libc++";
				CLANG_WARN_EMPTY_BODY = YES;
				CLANG_WARN__DUPLICATE_METHOD_MATCH = YES;
				COPY_PHASE_STRIP = YES;
				DEBUG_INFORMATION_FORMAT = "dwarf-with-dsym";
				GCC_C_LANGUAGE_STANDARD = gnu99;
				GCC_ENABLE_OBJC_EXCEPTIONS = YES;
				GCC_WARN_64_TO_32_BIT_CONVERSION = YES;
				GCC_WARN_ABOUT_RETURN_TYPE = YES;
				GCC_WARN_UNINITIALIZED_AUTOS = YES;
				GCC_WARN_UNUSED_VARIABLE = YES;
				MACOSX_DEPLOYMENT_TARGET = 10.8;
				SDKROOT = macosx;
			};
			name = Release;
		};
		7A9EE57516E772E9004770AA /* Debug */ = {
			isa = XCBuildConfiguration;
			buildSettings = {
				COMBINE_HIDPI_IMAGES = YES;
				FRAMEWORK_SEARCH_PATHS = (
					/Users/maffo/Documents/Thesis/Project/iOScanX,
					/Users/maffo/Documents/Thesis/Project/ScanX/DerivedData/ScanX/Build/Products/Debug,
				);
				GCC_PRECOMPILE_PREFIX_HEADER = YES;
				GCC_PREFIX_HEADER = "iOScanX/iOScanX-Prefix.pch";
				INFOPLIST_FILE = "iOScanX/iOScanX-Info.plist";
				LIBRARY_SEARCH_PATHS = "";
				PRODUCT_NAME = "$(TARGET_NAME)";
				SYMROOT = "$(PROJECT_DIR)/build";
				WRAPPER_EXTENSION = app;
			};
			name = Debug;
		};
		7A9EE57616E772E9004770AA /* Release */ = {
			isa = XCBuildConfiguration;
			buildSettings = {
				COMBINE_HIDPI_IMAGES = YES;
				FRAMEWORK_SEARCH_PATHS = (
					/Users/maffo/Documents/Thesis/Project/iOScanX,
					/Users/maffo/Documents/Thesis/Project/ScanX/DerivedData/ScanX/Build/Products/Debug,
				);
				GCC_PRECOMPILE_PREFIX_HEADER = YES;
				GCC_PREFIX_HEADER = "iOScanX/iOScanX-Prefix.pch";
				INFOPLIST_FILE = "iOScanX/iOScanX-Info.plist";
				LIBRARY_SEARCH_PATHS = "";
				PRODUCT_NAME = "$(TARGET_NAME)";
				SYMROOT = "$(PROJECT_DIR)/build";
				WRAPPER_EXTENSION = app;
			};
			name = Release;
		};
/* End XCBuildConfiguration section */

/* Begin XCConfigurationList section */
		7A9EE55016E772E8004770AA /* Build configuration list for PBXProject "iOScanX" */ = {
			isa = XCConfigurationList;
			buildConfigurations = (
				7A9EE57216E772E9004770AA /* Debug */,
				7A9EE57316E772E9004770AA /* Release */,
			);
			defaultConfigurationIsVisible = 0;
			defaultConfigurationName = Release;
		};
		7A9EE57416E772E9004770AA /* Build configuration list for PBXNativeTarget "iOScanX" */ = {
			isa = XCConfigurationList;
			buildConfigurations = (
				7A9EE57516E772E9004770AA /* Debug */,
				7A9EE57616E772E9004770AA /* Release */,
			);
			defaultConfigurationIsVisible = 0;
			defaultConfigurationName = Release;
		};
/* End XCConfigurationList section */
	};
	rootObject = 7A9EE54D16E772E8004770AA /* Project object */;
}
