// !$*UTF8*$!
{
	archiveVersion = 1;
	classes = {
	};
	objectVersion = 46;
	objects = {

/* Begin PBXBuildFile section */
		7A9EE55B16E772E8004770AA /* Cocoa.framework in Frameworks */ = {isa = PBXBuildFile; fileRef = 7A9EE55A16E772E8004770AA /* Cocoa.framework */; };
		7A9EE56516E772E8004770AA /* InfoPlist.strings in Resources */ = {isa = PBXBuildFile; fileRef = 7A9EE56316E772E8004770AA /* InfoPlist.strings */; };
		7A9EE56716E772E8004770AA /* main.m in Sources */ = {isa = PBXBuildFile; fileRef = 7A9EE56616E772E8004770AA /* main.m */; };
		7A9EE56B16E772E9004770AA /* Credits.rtf in Resources */ = {isa = PBXBuildFile; fileRef = 7A9EE56916E772E9004770AA /* Credits.rtf */; };
		7A9EE56E16E772E9004770AA /* iSXAppDelegate.m in Sources */ = {isa = PBXBuildFile; fileRef = 7A9EE56D16E772E9004770AA /* iSXAppDelegate.m */; };
		7A9EE57116E772E9004770AA /* MainMenu.xib in Resources */ = {isa = PBXBuildFile; fileRef = 7A9EE56F16E772E9004770AA /* MainMenu.xib */; };
/* End PBXBuildFile section */

/* Begin PBXFileReference section */
		7A9EE55616E772E8004770AA /* iOScanX.app */ = {isa = PBXFileReference; explicitFileType = wrapper.application; includeInIndex = 0; path = iOScanX.app; sourceTree = BUILT_PRODUCTS_DIR; };
		7A9EE55A16E772E8004770AA /* Cocoa.framework */ = {isa = PBXFileReference; lastKnownFileType = wrapper.framework; name = Cocoa.framework; path = System/Library/Frameworks/Cocoa.framework; sourceTree = SDKROOT; };
		7A9EE55D16E772E8004770AA /* AppKit.framework */ = {isa = PBXFileReference; lastKnownFileType = wrapper.framework; name = AppKit.framework; path = System/Library/Frameworks/AppKit.framework; sourceTree = SDKROOT; };
		7A9EE55E16E772E8004770AA /* CoreData.framework */ = {isa = PBXFileReference; lastKnownFileType = wrapper.framework; name = CoreData.framework; path = System/Library/Frameworks/CoreData.framework; sourceTree = SDKROOT; };
		7A9EE55F16E772E8004770AA /* Foundation.framework */ = {isa = PBXFileReference; lastKnownFileType = wrapper.framework; name = Foundation.framework; path = System/Library/Frameworks/Foundation.framework; sourceTree = SDKROOT; };
		7A9EE56216E772E8004770AA /* iOScanX-Info.plist */ = {isa = PBXFileReference; lastKnownFileType = text.plist.xml; path = "iOScanX-Info.plist"; sourceTree = "<group>"; };
		7A9EE56416E772E8004770AA /* en */ = {isa = PBXFileReference; lastKnownFileType = text.plist.strings; name = en; path = en.lproj/InfoPlist.strings; sourceTree = "<group>"; };
		7A9EE56616E772E8004770AA /* main.m */ = {isa = PBXFileReference; lastKnownFileType = sourcecode.c.objc; path = main.m; sourceTree = "<group>"; };
		7A9EE56816E772E8004770AA /* iOScanX-Prefix.pch */ = {isa = PBXFileReference; lastKnownFileType = sourcecode.c.h; path = "iOScanX-Prefix.pch"; sourceTree = "<group>"; };
		7A9EE56A16E772E9004770AA /* en */ = {isa = PBXFileReference; lastKnownFileType = text.rtf; name = en; path = en.lproj/Credits.rtf; sourceTree = "<group>"; };
		7A9EE56C16E772E9004770AA /* iSXAppDelegate.h */ = {isa = PBXFileReference; lastKnownFileType = sourcecode.c.h; path = iSXAppDelegate.h; sourceTree = "<group>"; };
		7A9EE56D16E772E9004770AA /* iSXAppDelegate.m */ = {isa = PBXFileReference; lastKnownFileType = sourcecode.c.objc; path = iSXAppDelegate.m; sourceTree = "<group>"; };
		7A9EE57016E772E9004770AA /* en */ = {isa = PBXFileReference; lastKnownFileType = file.xib; name = en; path = en.lproj/MainMenu.xib; sourceTree = "<group>"; };
/* End PBXFileReference section */

/* Begin PBXFrameworksBuildPhase section */
		7A9EE55316E772E8004770AA /* Frameworks */ = {
			isa = PBXFrameworksBuildPhase;
			buildActionMask = 2147483647;
			files = (
				7A9EE55B16E772E8004770AA /* Cocoa.framework in Frameworks */,
			);
			runOnlyForDeploymentPostprocessing = 0;
		};
/* End PBXFrameworksBuildPhase section */

/* Begin PBXGroup section */
		7A9EE54B16E772E8004770AA = {
			isa = PBXGroup;
			children = (
				7A9EE56016E772E8004770AA /* iOScanX */,
				7A9EE55916E772E8004770AA /* Frameworks */,
				7A9EE55716E772E8004770AA /* Products */,
			);
			sourceTree = "<group>";
		};
		7A9EE55716E772E8004770AA /* Products */ = {
			isa = PBXGroup;
			children = (
				7A9EE55616E772E8004770AA /* iOScanX.app */,
			);
			name = Products;
			sourceTree = "<group>";
		};
		7A9EE55916E772E8004770AA /* Frameworks */ = {
			isa = PBXGroup;
			children = (
				7A9EE55A16E772E8004770AA /* Cocoa.framework */,
				7A9EE55C16E772E8004770AA /* Other Frameworks */,
			);
			name = Frameworks;
			sourceTree = "<group>";
		};
		7A9EE55C16E772E8004770AA /* Other Frameworks */ = {
			isa = PBXGroup;
			children = (
				7A9EE55D16E772E8004770AA /* AppKit.framework */,
				7A9EE55E16E772E8004770AA /* CoreData.framework */,
				7A9EE55F16E772E8004770AA /* Foundation.framework */,
			);
			name = "Other Frameworks";
			sourceTree = "<group>";
		};
		7A9EE56016E772E8004770AA /* iOScanX */ = {
			isa = PBXGroup;
			children = (
				7A9EE56C16E772E9004770AA /* iSXAppDelegate.h */,
				7A9EE56D16E772E9004770AA /* iSXAppDelegate.m */,
				7A9EE56F16E772E9004770AA /* MainMenu.xib */,
				7A9EE56116E772E8004770AA /* Supporting Files */,
			);
			path = iOScanX;
			sourceTree = "<group>";
		};
		7A9EE56116E772E8004770AA /* Supporting Files */ = {
			isa = PBXGroup;
			children = (
				7A9EE56216E772E8004770AA /* iOScanX-Info.plist */,
				7A9EE56316E772E8004770AA /* InfoPlist.strings */,
				7A9EE56616E772E8004770AA /* main.m */,
				7A9EE56816E772E8004770AA /* iOScanX-Prefix.pch */,
				7A9EE56916E772E9004770AA /* Credits.rtf */,
			);
			name = "Supporting Files";
			sourceTree = "<group>";
		};
/* End PBXGroup section */

/* Begin PBXNativeTarget section */
		7A9EE55516E772E8004770AA /* iOScanX */ = {
			isa = PBXNativeTarget;
			buildConfigurationList = 7A9EE57416E772E9004770AA /* Build configuration list for PBXNativeTarget "iOScanX" */;
			buildPhases = (
				7A9EE55216E772E8004770AA /* Sources */,
				7A9EE55316E772E8004770AA /* Frameworks */,
				7A9EE55416E772E8004770AA /* Resources */,
			);
			buildRules = (
			);
			dependencies = (
			);
			name = iOScanX;
			productName = iOScanX;
			productReference = 7A9EE55616E772E8004770AA /* iOScanX.app */;
			productType = "com.apple.product-type.application";
		};
/* End PBXNativeTarget section */

/* Begin PBXProject section */
		7A9EE54D16E772E8004770AA /* Project object */ = {
			isa = PBXProject;
			attributes = {
				CLASSPREFIX = iSX;
				LastUpgradeCheck = 0450;
				ORGANIZATIONNAME = "Alessio Maffeis";
			};
			buildConfigurationList = 7A9EE55016E772E8004770AA /* Build configuration list for PBXProject "iOScanX" */;
			compatibilityVersion = "Xcode 3.2";
			developmentRegion = English;
			hasScannedForEncodings = 0;
			knownRegions = (
				en,
			);
			mainGroup = 7A9EE54B16E772E8004770AA;
			productRefGroup = 7A9EE55716E772E8004770AA /* Products */;
			projectDirPath = "";
			projectRoot = "";
			targets = (
				7A9EE55516E772E8004770AA /* iOScanX */,
			);
		};
/* End PBXProject section */

/* Begin PBXResourcesBuildPhase section */
		7A9EE55416E772E8004770AA /* Resources */ = {
			isa = PBXResourcesBuildPhase;
			buildActionMask = 2147483647;
			files = (
				7A9EE56516E772E8004770AA /* InfoPlist.strings in Resources */,
				7A9EE56B16E772E9004770AA /* Credits.rtf in Resources */,
				7A9EE57116E772E9004770AA /* MainMenu.xib in Resources */,
			);
			runOnlyForDeploymentPostprocessing = 0;
		};
/* End PBXResourcesBuildPhase section */

/* Begin PBXSourcesBuildPhase section */
		7A9EE55216E772E8004770AA /* Sources */ = {
			isa = PBXSourcesBuildPhase;
			buildActionMask = 2147483647;
			files = (
				7A9EE56716E772E8004770AA /* main.m in Sources */,
				7A9EE56E16E772E9004770AA /* iSXAppDelegate.m in Sources */,
			);
			runOnlyForDeploymentPostprocessing = 0;
		};
/* End PBXSourcesBuildPhase section */

/* Begin PBXVariantGroup section */
		7A9EE56316E772E8004770AA /* InfoPlist.strings */ = {
			isa = PBXVariantGroup;
			children = (
				7A9EE56416E772E8004770AA /* en */,
			);
			name = InfoPlist.strings;
			sourceTree = "<group>";
		};
		7A9EE56916E772E9004770AA /* Credits.rtf */ = {
			isa = PBXVariantGroup;
			children = (
				7A9EE56A16E772E9004770AA /* en */,
			);
			name = Credits.rtf;
			sourceTree = "<group>";
		};
		7A9EE56F16E772E9004770AA /* MainMenu.xib */ = {
			isa = PBXVariantGroup;
			children = (
				7A9EE57016E772E9004770AA /* en */,
			);
			name = MainMenu.xib;
			sourceTree = "<group>";
		};
/* End PBXVariantGroup section */

/* Begin XCBuildConfiguration section */
		7A9EE57216E772E9004770AA /* Debug */ = {
			isa = XCBuildConfiguration;
			buildSettings = {
				ALWAYS_SEARCH_USER_PATHS = NO;
				ARCHS = "$(ARCHS_STANDARD_64_BIT)";
				CLANG_CXX_LANGUAGE_STANDARD = "gnu++0x";
				CLANG_CXX_LIBRARY = "libc++";
				CLANG_WARN_EMPTY_BODY = YES;
				CLANG_WARN__DUPLICATE_METHOD_MATCH = YES;
				COPY_PHASE_STRIP = NO;
				GCC_C_LANGUAGE_STANDARD = gnu99;
				GCC_DYNAMIC_NO_PIC = NO;
				GCC_ENABLE_OBJC_EXCEPTIONS = YES;
				GCC_OPTIMIZATION_LEVEL = 0;
				GCC_PREPROCESSOR_DEFINITIONS = (
					"DEBUG=1",
					"$(inherited)",
				);
				GCC_SYMBOLS_PRIVATE_EXTERN = NO;
				GCC_WARN_64_TO_32_BIT_CONVERSION = YES;
				GCC_WARN_ABOUT_RETURN_TYPE = YES;
				GCC_WARN_UNINITIALIZED_AUTOS = YES;
				GCC_WARN_UNUSED_VARIABLE = YES;
				MACOSX_DEPLOYMENT_TARGET = 10.8;
				ONLY_ACTIVE_ARCH = YES;
				SDKROOT = macosx;
			};
			name = Debug;
		};
		7A9EE57316E772E9004770AA /* Release */ = {
			isa = XCBuildConfiguration;
			buildSettings = {
				ALWAYS_SEARCH_USER_PATHS = NO;
				ARCHS = "$(ARCHS_STANDARD_64_BIT)";
				CLANG_CXX_LANGUAGE_STANDARD = "gnu++0x";
				CLANG_CXX_LIBRARY = "libc++";
				CLANG_WARN_EMPTY_BODY = YES;
				CLANG_WARN__DUPLICATE_METHOD_MATCH = YES;
				COPY_PHASE_STRIP = YES;
				DEBUG_INFORMATION_FORMAT = "dwarf-with-dsym";
				GCC_C_LANGUAGE_STANDARD = gnu99;
				GCC_ENABLE_OBJC_EXCEPTIONS = YES;
				GCC_WARN_64_TO_32_BIT_CONVERSION = YES;
				GCC_WARN_ABOUT_RETURN_TYPE = YES;
				GCC_WARN_UNINITIALIZED_AUTOS = YES;
				GCC_WARN_UNUSED_VARIABLE = YES;
				MACOSX_DEPLOYMENT_TARGET = 10.8;
				SDKROOT = macosx;
			};
			name = Release;
		};
		7A9EE57516E772E9004770AA /* Debug */ = {
			isa = XCBuildConfiguration;
			buildSettings = {
				COMBINE_HIDPI_IMAGES = YES;
				GCC_PRECOMPILE_PREFIX_HEADER = YES;
				GCC_PREFIX_HEADER = "iOScanX/iOScanX-Prefix.pch";
				INFOPLIST_FILE = "iOScanX/iOScanX-Info.plist";
				PRODUCT_NAME = "$(TARGET_NAME)";
				WRAPPER_EXTENSION = app;
			};
			name = Debug;
		};
		7A9EE57616E772E9004770AA /* Release */ = {
			isa = XCBuildConfiguration;
			buildSettings = {
				COMBINE_HIDPI_IMAGES = YES;
				GCC_PRECOMPILE_PREFIX_HEADER = YES;
				GCC_PREFIX_HEADER = "iOScanX/iOScanX-Prefix.pch";
				INFOPLIST_FILE = "iOScanX/iOScanX-Info.plist";
				PRODUCT_NAME = "$(TARGET_NAME)";
				WRAPPER_EXTENSION = app;
			};
			name = Release;
		};
/* End XCBuildConfiguration section */

/* Begin XCConfigurationList section */
		7A9EE55016E772E8004770AA /* Build configuration list for PBXProject "iOScanX" */ = {
			isa = XCConfigurationList;
			buildConfigurations = (
				7A9EE57216E772E9004770AA /* Debug */,
				7A9EE57316E772E9004770AA /* Release */,
			);
			defaultConfigurationIsVisible = 0;
			defaultConfigurationName = Release;
		};
		7A9EE57416E772E9004770AA /* Build configuration list for PBXNativeTarget "iOScanX" */ = {
			isa = XCConfigurationList;
			buildConfigurations = (
				7A9EE57516E772E9004770AA /* Debug */,
				7A9EE57616E772E9004770AA /* Release */,
			);
			defaultConfigurationIsVisible = 0;
		};
/* End XCConfigurationList section */
	};
	rootObject = 7A9EE54D16E772E8004770AA /* Project object */;
}
